// !$*UTF8*$!
{
	archiveVersion = 1;
	classes = {
	};
	objectVersion = 46;
	objects = {

/* Begin PBXBuildFile section */
		62EF89241F0660B200F1436F /* main.m in Sources */ = {isa = PBXBuildFile; fileRef = 62EF89231F0660B200F1436F /* main.m */; };
		62EF89271F0660B200F1436F /* AppDelegate.m in Sources */ = {isa = PBXBuildFile; fileRef = 62EF89261F0660B200F1436F /* AppDelegate.m */; };
		62EF892A1F0660B200F1436F /* ViewController.m in Sources */ = {isa = PBXBuildFile; fileRef = 62EF89291F0660B200F1436F /* ViewController.m */; };
		62EF892D1F0660B200F1436F /* Main.storyboard in Resources */ = {isa = PBXBuildFile; fileRef = 62EF892B1F0660B200F1436F /* Main.storyboard */; };
		62EF892F1F0660B200F1436F /* Assets.xcassets in Resources */ = {isa = PBXBuildFile; fileRef = 62EF892E1F0660B200F1436F /* Assets.xcassets */; };
		62EF89321F0660B200F1436F /* LaunchScreen.storyboard in Resources */ = {isa = PBXBuildFile; fileRef = 62EF89301F0660B200F1436F /* LaunchScreen.storyboard */; };
/* End PBXBuildFile section */

/* Begin PBXFileReference section */
		62EF891F1F0660B200F1436F /* HanoiDemo.app */ = {isa = PBXFileReference; explicitFileType = wrapper.application; includeInIndex = 0; path = HanoiDemo.app; sourceTree = BUILT_PRODUCTS_DIR; };
		62EF89231F0660B200F1436F /* main.m */ = {isa = PBXFileReference; lastKnownFileType = sourcecode.c.objc; path = main.m; sourceTree = "<group>"; };
		62EF89251F0660B200F1436F /* AppDelegate.h */ = {isa = PBXFileReference; lastKnownFileType = sourcecode.c.h; path = AppDelegate.h; sourceTree = "<group>"; };
		62EF89261F0660B200F1436F /* AppDelegate.m */ = {isa = PBXFileReference; lastKnownFileType = sourcecode.c.objc; path = AppDelegate.m; sourceTree = "<group>"; };
		62EF89281F0660B200F1436F /* ViewController.h */ = {isa = PBXFileReference; lastKnownFileType = sourcecode.c.h; path = ViewController.h; sourceTree = "<group>"; };
		62EF89291F0660B200F1436F /* ViewController.m */ = {isa = PBXFileReference; lastKnownFileType = sourcecode.c.objc; path = ViewController.m; sourceTree = "<group>"; };
		62EF892C1F0660B200F1436F /* Base */ = {isa = PBXFileReference; lastKnownFileType = file.storyboard; name = Base; path = Base.lproj/Main.storyboard; sourceTree = "<group>"; };
		62EF892E1F0660B200F1436F /* Assets.xcassets */ = {isa = PBXFileReference; lastKnownFileType = folder.assetcatalog; path = Assets.xcassets; sourceTree = "<group>"; };
		62EF89311F0660B200F1436F /* Base */ = {isa = PBXFileReference; lastKnownFileType = file.storyboard; name = Base; path = Base.lproj/LaunchScreen.storyboard; sourceTree = "<group>"; };
		62EF89331F0660B200F1436F /* Info.plist */ = {isa = PBXFileReference; lastKnownFileType = text.plist.xml; path = Info.plist; sourceTree = "<group>"; };
/* End PBXFileReference section */

/* Begin PBXFrameworksBuildPhase section */
		62EF891C1F0660B200F1436F /* Frameworks */ = {
			isa = PBXFrameworksBuildPhase;
			buildActionMask = 2147483647;
			files = (
			);
			runOnlyForDeploymentPostprocessing = 0;
		};
/* End PBXFrameworksBuildPhase section */

/* Begin PBXGroup section */
		62EF89161F0660B200F1436F = {
			isa = PBXGroup;
			children = (
				62EF89211F0660B200F1436F /* HanoiDemo */,
				62EF89201F0660B200F1436F /* Products */,
			);
			sourceTree = "<group>";
		};
		62EF89201F0660B200F1436F /* Products */ = {
			isa = PBXGroup;
			children = (
				62EF891F1F0660B200F1436F /* HanoiDemo.app */,
			);
			name = Products;
			sourceTree = "<group>";
		};
		62EF89211F0660B200F1436F /* HanoiDemo */ = {
			isa = PBXGroup;
			children = (
				62EF89251F0660B200F1436F /* AppDelegate.h */,
				62EF89261F0660B200F1436F /* AppDelegate.m */,
				62EF89281F0660B200F1436F /* ViewController.h */,
				62EF89291F0660B200F1436F /* ViewController.m */,
				62EF892B1F0660B200F1436F /* Main.storyboard */,
				62EF892E1F0660B200F1436F /* Assets.xcassets */,
				62EF89301F0660B200F1436F /* LaunchScreen.storyboard */,
				62EF89331F0660B200F1436F /* Info.plist */,
				62EF89221F0660B200F1436F /* Supporting Files */,
			);
			path = HanoiDemo;
			sourceTree = "<group>";
		};
		62EF89221F0660B200F1436F /* Supporting Files */ = {
			isa = PBXGroup;
			children = (
				62EF89231F0660B200F1436F /* main.m */,
			);
			name = "Supporting Files";
			sourceTree = "<group>";
		};
/* End PBXGroup section */

/* Begin PBXNativeTarget section */
		62EF891E1F0660B200F1436F /* HanoiDemo */ = {
			isa = PBXNativeTarget;
			buildConfigurationList = 62EF89361F0660B200F1436F /* Build configuration list for PBXNativeTarget "HanoiDemo" */;
			buildPhases = (
				62EF891B1F0660B200F1436F /* Sources */,
				62EF891C1F0660B200F1436F /* Frameworks */,
				62EF891D1F0660B200F1436F /* Resources */,
			);
			buildRules = (
			);
			dependencies = (
			);
			name = HanoiDemo;
			productName = HanoiDemo;
			productReference = 62EF891F1F0660B200F1436F /* HanoiDemo.app */;
			productType = "com.apple.product-type.application";
		};
/* End PBXNativeTarget section */

/* Begin PBXProject section */
		62EF89171F0660B200F1436F /* Project object */ = {
			isa = PBXProject;
			attributes = {
				LastUpgradeCheck = 0830;
				ORGANIZATIONNAME = dl;
				TargetAttributes = {
					62EF891E1F0660B200F1436F = {
						CreatedOnToolsVersion = 8.3.2;
						DevelopmentTeam = CKNB9829GU;
						ProvisioningStyle = Automatic;
					};
				};
			};
			buildConfigurationList = 62EF891A1F0660B200F1436F /* Build configuration list for PBXProject "HanoiDemo" */;
			compatibilityVersion = "Xcode 3.2";
			developmentRegion = English;
			hasScannedForEncodings = 0;
			knownRegions = (
				en,
				Base,
			);
			mainGroup = 62EF89161F0660B200F1436F;
			productRefGroup = 62EF89201F0660B200F1436F /* Products */;
			projectDirPath = "";
			projectRoot = "";
			targets = (
				62EF891E1F0660B200F1436F /* HanoiDemo */,
			);
		};
/* End PBXProject section */

/* Begin PBXResourcesBuildPhase section */
		62EF891D1F0660B200F1436F /* Resources */ = {
			isa = PBXResourcesBuildPhase;
			buildActionMask = 2147483647;
			files = (
				62EF89321F0660B200F1436F /* LaunchScreen.storyboard in Resources */,
				62EF892F1F0660B200F1436F /* Assets.xcassets in Resources */,
				62EF892D1F0660B200F1436F /* Main.storyboard in Resources */,
			);
			runOnlyForDeploymentPostprocessing = 0;
		};
/* End PBXResourcesBuildPhase section */

/* Begin PBXSourcesBuildPhase section */
		62EF891B1F0660B200F1436F /* Sources */ = {
			isa = PBXSourcesBuildPhase;
			buildActionMask = 2147483647;
			files = (
				62EF892A1F0660B200F1436F /* ViewController.m in Sources */,
				62EF89271F0660B200F1436F /* AppDelegate.m in Sources */,
				62EF89241F0660B200F1436F /* main.m in Sources */,
			);
			runOnlyForDeploymentPostprocessing = 0;
		};
/* End PBXSourcesBuildPhase section */

/* Begin PBXVariantGroup section */
		62EF892B1F0660B200F1436F /* Main.storyboard */ = {
			isa = PBXVariantGroup;
			children = (
				62EF892C1F0660B200F1436F /* Base */,
			);
			name = Main.storyboard;
			sourceTree = "<group>";
		};
		62EF89301F0660B200F1436F /* LaunchScreen.storyboard */ = {
			isa = PBXVariantGroup;
			children = (
				62EF89311F0660B200F1436F /* Base */,
			);
			name = LaunchScreen.storyboard;
			sourceTree = "<group>";
		};
/* End PBXVariantGroup section */

/* Begin XCBuildConfiguration section */
		62EF89341F0660B200F1436F /* Debug */ = {
			isa = XCBuildConfiguration;
			buildSettings = {
				ALWAYS_SEARCH_USER_PATHS = NO;
				CLANG_ANALYZER_NONNULL = YES;
				CLANG_ANALYZER_NUMBER_OBJECT_CONVERSION = YES_AGGRESSIVE;
				CLANG_CXX_LANGUAGE_STANDARD = "gnu++0x";
				CLANG_CXX_LIBRARY = "libc++";
				CLANG_ENABLE_MODULES = YES;
				CLANG_ENABLE_OBJC_ARC = YES;
				CLANG_WARN_BOOL_CONVERSION = YES;
				CLANG_WARN_CONSTANT_CONVERSION = YES;
				CLANG_WARN_DIRECT_OBJC_ISA_USAGE = YES_ERROR;
				CLANG_WARN_DOCUMENTATION_COMMENTS = YES;
				CLANG_WARN_EMPTY_BODY = YES;
				CLANG_WARN_ENUM_CONVERSION = YES;
				CLANG_WARN_INFINITE_RECURSION = YES;
				CLANG_WARN_INT_CONVERSION = YES;
				CLANG_WARN_OBJC_ROOT_CLASS = YES_ERROR;
				CLANG_WARN_SUSPICIOUS_MOVE = YES;
				CLANG_WARN_UNREACHABLE_CODE = YES;
				CLANG_WARN__DUPLICATE_METHOD_MATCH = YES;
				"CODE_SIGN_IDENTITY[sdk=iphoneos*]" = "iPhone Developer";
				COPY_PHASE_STRIP = NO;
				DEBUG_INFORMATION_FORMAT = dwarf;
				ENABLE_STRICT_OBJC_MSGSEND = YES;
				ENABLE_TESTABILITY = YES;
				GCC_C_LANGUAGE_STANDARD = gnu99;
				GCC_DYNAMIC_NO_PIC = NO;
				GCC_NO_COMMON_BLOCKS = YES;
				GCC_OPTIMIZATION_LEVEL = 0;
				GCC_PREPROCESSOR_DEFINITIONS = (
					"DEBUG=1",
					"$(inherited)",
				);
				GCC_WARN_64_TO_32_BIT_CONVERSION = YES;
				GCC_WARN_ABOUT_RETURN_TYPE = YES_ERROR;
				GCC_WARN_UNDECLARED_SELECTOR = YES;
				GCC_WARN_UNINITIALIZED_AUTOS = YES_AGGRESSIVE;
				GCC_WARN_UNUSED_FUNCTION = YES;
				GCC_WARN_UNUSED_VARIABLE = YES;
				IPHONEOS_DEPLOYMENT_TARGET = 10.3;
				MTL_ENABLE_DEBUG_INFO = YES;
				ONLY_ACTIVE_ARCH = YES;
				SDKROOT = iphoneos;
			};
			name = Debug;
		};
		62EF89351F0660B200F1436F /* Release */ = {
			isa = XCBuildConfiguration;
			buildSettings = {
				ALWAYS_SEARCH_USER_PATHS = NO;
				CLANG_ANALYZER_NONNULL = YES;
				CLANG_ANALYZER_NUMBER_OBJECT_CONVERSION = YES_AGGRESSIVE;
				CLANG_CXX_LANGUAGE_STANDARD = "gnu++0x";
				CLANG_CXX_LIBRARY = "libc++";
				CLANG_ENABLE_MODULES = YES;
				CLANG_ENABLE_OBJC_ARC = YES;
				CLANG_WARN_BOOL_CONVERSION = YES;
				CLANG_WARN_CONSTANT_CONVERSION = YES;
				CLANG_WARN_DIRECT_OBJC_ISA_USAGE = YES_ERROR;
				CLANG_WARN_DOCUMENTATION_COMMENTS = YES;
				CLANG_WARN_EMPTY_BODY = YES;
				CLANG_WARN_ENUM_CONVERSION = YES;
				CLANG_WARN_INFINITE_RECURSION = YES;
				CLANG_WARN_INT_CONVERSION = YES;
				CLANG_WARN_OBJC_ROOT_CLASS = YES_ERROR;
				CLANG_WARN_SUSPICIOUS_MOVE = YES;
				CLANG_WARN_UNREACHABLE_CODE = YES;
				CLANG_WARN__DUPLICATE_METHOD_MATCH = YES;
				"CODE_SIGN_IDENTITY[sdk=iphoneos*]" = "iPhone Developer";
				COPY_PHASE_STRIP = NO;
				DEBUG_INFORMATION_FORMAT = "dwarf-with-dsym";
				ENABLE_NS_ASSERTIONS = NO;
				ENABLE_STRICT_OBJC_MSGSEND = YES;
				GCC_C_LANGUAGE_STANDARD = gnu99;
				GCC_NO_COMMON_BLOCKS = YES;
				GCC_WARN_64_TO_32_BIT_CONVERSION = YES;
				GCC_WARN_ABOUT_RETURN_TYPE = YES_ERROR;
				GCC_WARN_UNDECLARED_SELECTOR = YES;
				GCC_WARN_UNINITIALIZED_AUTOS = YES_AGGRESSIVE;
				GCC_WARN_UNUSED_FUNCTION = YES;
				GCC_WARN_UNUSED_VARIABLE = YES;
				IPHONEOS_DEPLOYMENT_TARGET = 10.3;
				MTL_ENABLE_DEBUG_INFO = NO;
				SDKROOT = iphoneos;
				VALIDATE_PRODUCT = YES;
			};
			name = Release;
		};
		62EF89371F0660B200F1436F /* Debug */ = {
			isa = XCBuildConfiguration;
			buildSettings = {
				ASSETCATALOG_COMPILER_APPICON_NAME = AppIcon;
				DEVELOPMENT_TEAM = CKNB9829GU;
				INFOPLIST_FILE = HanoiDemo/Info.plist;
				LD_RUNPATH_SEARCH_PATHS = "$(inherited) @executable_path/Frameworks";
				PRODUCT_BUNDLE_IDENTIFIER = dl.HanoiDemo;
				PRODUCT_NAME = "$(TARGET_NAME)";
			};
			name = Debug;
		};
		62EF89381F0660B200F1436F /* Release */ = {
			isa = XCBuildConfiguration;
			buildSettings = {
				ASSETCATALOG_COMPILER_APPICON_NAME = AppIcon;
				DEVELOPMENT_TEAM = CKNB9829GU;
				INFOPLIST_FILE = HanoiDemo/Info.plist;
				LD_RUNPATH_SEARCH_PATHS = "$(inherited) @executable_path/Frameworks";
				PRODUCT_BUNDLE_IDENTIFIER = dl.HanoiDemo;
				PRODUCT_NAME = "$(TARGET_NAME)";
			};
			name = Release;
		};
/* End XCBuildConfiguration section */

/* Begin XCConfigurationList section */
		62EF891A1F0660B200F1436F /* Build configuration list for PBXProject "HanoiDemo" */ = {
			isa = XCConfigurationList;
			buildConfigurations = (
				62EF89341F0660B200F1436F /* Debug */,
				62EF89351F0660B200F1436F /* Release */,
			);
			defaultConfigurationIsVisible = 0;
			defaultConfigurationName = Release;
		};
		62EF89361F0660B200F1436F /* Build configuration list for PBXNativeTarget "HanoiDemo" */ = {
			isa = XCConfigurationList;
			buildConfigurations = (
				62EF89371F0660B200F1436F /* Debug */,
				62EF89381F0660B200F1436F /* Release */,
			);
			defaultConfigurationIsVisible = 0;
		};
/* End XCConfigurationList section */
	};
	rootObject = 62EF89171F0660B200F1436F /* Project object */;
}
